
Microsoft Visual Studio Solution File, Format Version 12.00
# Visual Studio 15
VisualStudioVersion = 15.0.27428.2037
MinimumVisualStudioVersion = 10.0.40219.1
Project("{8BC9CEB8-8B4A-11D0-8D11-00A0C91BC942}") = "Diskretka", "Diskretka\Diskretka.vcxproj", "{C2404780-C7B0-4AD0-A1EC-9B7D87C3A9D6}"
EndProject
Global
	GlobalSection(SolutionConfigurationPlatforms) = preSolution
		Debug|x64 = Debug|x64
		Debug|x86 = Debug|x86
		Release|x64 = Release|x64
		Release|x86 = Release|x86
	EndGlobalSection
	GlobalSection(ProjectConfigurationPlatforms) = postSolution
		{C2404780-C7B0-4AD0-A1EC-9B7D87C3A9D6}.Debug|x64.ActiveCfg = Debug|x64
		{C2404780-C7B0-4AD0-A1EC-9B7D87C3A9D6}.Debug|x64.Build.0 = Debug|x64
		{C2404780-C7B0-4AD0-A1EC-9B7D87C3A9D6}.Debug|x86.ActiveCfg = Debug|Win32
		{C2404780-C7B0-4AD0-A1EC-9B7D87C3A9D6}.Debug|x86.Build.0 = Debug|Win32
		{C2404780-C7B0-4AD0-A1EC-9B7D87C3A9D6}.Release|x64.ActiveCfg = Release|x64
		{C2404780-C7B0-4AD0-A1EC-9B7D87C3A9D6}.Release|x64.Build.0 = Release|x64
		{C2404780-C7B0-4AD0-A1EC-9B7D87C3A9D6}.Release|x86.ActiveCfg = Release|Win32
		{C2404780-C7B0-4AD0-A1EC-9B7D87C3A9D6}.Release|x86.Build.0 = Release|Win32
	EndGlobalSection
	GlobalSection(SolutionProperties) = preSolution
		HideSolutionNode = FALSE
	EndGlobalSection
	GlobalSection(ExtensibilityGlobals) = postSolution
		SolutionGuid = {C4B13394-8856-4250-83CE-E8E379181253}
	EndGlobalSection
EndGlobal
